// !$*UTF8*$!
{
	archiveVersion = 1;
	classes = {
	};
	objectVersion = 56;
	objects = {

/* Begin PBXBuildFile section */
		D61AAC952A8A022900F3BE4C /* BoxOfficeData.swift in Sources */ = {isa = PBXBuildFile; fileRef = D61AAC942A8A022900F3BE4C /* BoxOfficeData.swift */; };
		D645E8D42A85BA9E00A1CAD6 /* ReusableViewProtocol.swift in Sources */ = {isa = PBXBuildFile; fileRef = D645E8D32A85BA9E00A1CAD6 /* ReusableViewProtocol.swift */; };
		D645E8D62A85BD0E00A1CAD6 /* UserDefaultsHelper.swift in Sources */ = {isa = PBXBuildFile; fileRef = D645E8D52A85BD0E00A1CAD6 /* UserDefaultsHelper.swift */; };
		D645E8D82A85C51800A1CAD6 /* EndPoint.swift in Sources */ = {isa = PBXBuildFile; fileRef = D645E8D72A85C51800A1CAD6 /* EndPoint.swift */; };
		D645E8DA2A85C5CA00A1CAD6 /* URL+Extension.swift in Sources */ = {isa = PBXBuildFile; fileRef = D645E8D92A85C5CA00A1CAD6 /* URL+Extension.swift */; };
		D645E8DC2A85C78300A1CAD6 /* KakaoAPIManager.swift in Sources */ = {isa = PBXBuildFile; fileRef = D645E8DB2A85C78300A1CAD6 /* KakaoAPIManager.swift */; };
		D645E8DE2A85E36000A1CAD6 /* TranslateAPIManager.swift in Sources */ = {isa = PBXBuildFile; fileRef = D645E8DD2A85E36000A1CAD6 /* TranslateAPIManager.swift */; };
		D645E8E02A85F9ED00A1CAD6 /* AsyncViewController.swift in Sources */ = {isa = PBXBuildFile; fileRef = D645E8DF2A85F9ED00A1CAD6 /* AsyncViewController.swift */; };
		D6549F052A8D0CA80091B9E5 /* Video.swift in Sources */ = {isa = PBXBuildFile; fileRef = D6549F042A8D0CA80091B9E5 /* Video.swift */; };
		D69AB5062A814369007B210C /* LottoViewController.swift in Sources */ = {isa = PBXBuildFile; fileRef = D69AB5052A814369007B210C /* LottoViewController.swift */; };
		D69AB5082A814381007B210C /* BeerRandomViewController.swift in Sources */ = {isa = PBXBuildFile; fileRef = D69AB5072A814381007B210C /* BeerRandomViewController.swift */; };
		D69AB50A2A81C4E5007B210C /* WeatherViewController.swift in Sources */ = {isa = PBXBuildFile; fileRef = D69AB5092A81C4E5007B210C /* WeatherViewController.swift */; };
		D69AB50C2A81E7C1007B210C /* VideoViewController.swift in Sources */ = {isa = PBXBuildFile; fileRef = D69AB50B2A81E7C1007B210C /* VideoViewController.swift */; };
		D69AB50F2A8254DB007B210C /* Beer.swift in Sources */ = {isa = PBXBuildFile; fileRef = D69AB50E2A8254DB007B210C /* Beer.swift */; };
		D69AB5112A825619007B210C /* BeerTableViewController.swift in Sources */ = {isa = PBXBuildFile; fileRef = D69AB5102A825619007B210C /* BeerTableViewController.swift */; };
		D69AB5142A82564A007B210C /* BeerTableViewCell.swift in Sources */ = {isa = PBXBuildFile; fileRef = D69AB5122A82564A007B210C /* BeerTableViewCell.swift */; };
		D69AB5152A82564A007B210C /* BeerTableViewCell.xib in Resources */ = {isa = PBXBuildFile; fileRef = D69AB5132A82564A007B210C /* BeerTableViewCell.xib */; };
		D69AB5172A82999B007B210C /* beerDetailViewController.swift in Sources */ = {isa = PBXBuildFile; fileRef = D69AB5162A82999B007B210C /* beerDetailViewController.swift */; };
		D69AB5282A832306007B210C /* VideoTableViewCell.swift in Sources */ = {isa = PBXBuildFile; fileRef = D69AB5272A832306007B210C /* VideoTableViewCell.swift */; };
		D6B63E2D2A80966E006377A1 /* AppDelegate.swift in Sources */ = {isa = PBXBuildFile; fileRef = D6B63E2C2A80966E006377A1 /* AppDelegate.swift */; };
		D6B63E2F2A80966E006377A1 /* SceneDelegate.swift in Sources */ = {isa = PBXBuildFile; fileRef = D6B63E2E2A80966E006377A1 /* SceneDelegate.swift */; };
		D6B63E312A80966E006377A1 /* ViewController.swift in Sources */ = {isa = PBXBuildFile; fileRef = D6B63E302A80966E006377A1 /* ViewController.swift */; };
		D6B63E342A80966E006377A1 /* Main.storyboard in Resources */ = {isa = PBXBuildFile; fileRef = D6B63E322A80966E006377A1 /* Main.storyboard */; };
		D6B63E362A809670006377A1 /* Assets.xcassets in Resources */ = {isa = PBXBuildFile; fileRef = D6B63E352A809670006377A1 /* Assets.xcassets */; };
		D6B63E392A809670006377A1 /* LaunchScreen.storyboard in Resources */ = {isa = PBXBuildFile; fileRef = D6B63E372A809670006377A1 /* LaunchScreen.storyboard */; };
		D6B63E422A8096AA006377A1 /* Alamofire in Frameworks */ = {isa = PBXBuildFile; productRef = D6B63E412A8096AA006377A1 /* Alamofire */; };
		D6B63E452A8096B2006377A1 /* SwiftyJSON in Frameworks */ = {isa = PBXBuildFile; productRef = D6B63E442A8096B2006377A1 /* SwiftyJSON */; };
		D6B63E482A8096BC006377A1 /* Kingfisher in Frameworks */ = {isa = PBXBuildFile; productRef = D6B63E472A8096BC006377A1 /* Kingfisher */; };
		D6B63E4A2A809BA3006377A1 /* .gitignore in Resources */ = {isa = PBXBuildFile; fileRef = D6B63E492A809BA3006377A1 /* .gitignore */; };
		D6B63E502A809C95006377A1 /* APIKey.swift in Sources */ = {isa = PBXBuildFile; fileRef = D6B63E4F2A809C95006377A1 /* APIKey.swift */; };
		D6C642942A84773400DCDB89 /* PapagoViewController.swift in Sources */ = {isa = PBXBuildFile; fileRef = D6C642932A84773400DCDB89 /* PapagoViewController.swift */; };
/* End PBXBuildFile section */

/* Begin PBXFileReference section */
		D61AAC942A8A022900F3BE4C /* BoxOfficeData.swift */ = {isa = PBXFileReference; lastKnownFileType = sourcecode.swift; path = BoxOfficeData.swift; sourceTree = "<group>"; };
		D645E8D32A85BA9E00A1CAD6 /* ReusableViewProtocol.swift */ = {isa = PBXFileReference; lastKnownFileType = sourcecode.swift; path = ReusableViewProtocol.swift; sourceTree = "<group>"; };
		D645E8D52A85BD0E00A1CAD6 /* UserDefaultsHelper.swift */ = {isa = PBXFileReference; lastKnownFileType = sourcecode.swift; path = UserDefaultsHelper.swift; sourceTree = "<group>"; };
		D645E8D72A85C51800A1CAD6 /* EndPoint.swift */ = {isa = PBXFileReference; lastKnownFileType = sourcecode.swift; path = EndPoint.swift; sourceTree = "<group>"; };
		D645E8D92A85C5CA00A1CAD6 /* URL+Extension.swift */ = {isa = PBXFileReference; lastKnownFileType = sourcecode.swift; path = "URL+Extension.swift"; sourceTree = "<group>"; };
		D645E8DB2A85C78300A1CAD6 /* KakaoAPIManager.swift */ = {isa = PBXFileReference; lastKnownFileType = sourcecode.swift; path = KakaoAPIManager.swift; sourceTree = "<group>"; };
		D645E8DD2A85E36000A1CAD6 /* TranslateAPIManager.swift */ = {isa = PBXFileReference; lastKnownFileType = sourcecode.swift; path = TranslateAPIManager.swift; sourceTree = "<group>"; };
		D645E8DF2A85F9ED00A1CAD6 /* AsyncViewController.swift */ = {isa = PBXFileReference; lastKnownFileType = sourcecode.swift; path = AsyncViewController.swift; sourceTree = "<group>"; };
		D6549F042A8D0CA80091B9E5 /* Video.swift */ = {isa = PBXFileReference; lastKnownFileType = sourcecode.swift; path = Video.swift; sourceTree = "<group>"; };
		D69AB5052A814369007B210C /* LottoViewController.swift */ = {isa = PBXFileReference; lastKnownFileType = sourcecode.swift; path = LottoViewController.swift; sourceTree = "<group>"; };
		D69AB5072A814381007B210C /* BeerRandomViewController.swift */ = {isa = PBXFileReference; lastKnownFileType = sourcecode.swift; path = BeerRandomViewController.swift; sourceTree = "<group>"; };
		D69AB5092A81C4E5007B210C /* WeatherViewController.swift */ = {isa = PBXFileReference; lastKnownFileType = sourcecode.swift; path = WeatherViewController.swift; sourceTree = "<group>"; };
		D69AB50B2A81E7C1007B210C /* VideoViewController.swift */ = {isa = PBXFileReference; lastKnownFileType = sourcecode.swift; path = VideoViewController.swift; sourceTree = "<group>"; };
		D69AB50E2A8254DB007B210C /* Beer.swift */ = {isa = PBXFileReference; lastKnownFileType = sourcecode.swift; path = Beer.swift; sourceTree = "<group>"; };
		D69AB5102A825619007B210C /* BeerTableViewController.swift */ = {isa = PBXFileReference; lastKnownFileType = sourcecode.swift; path = BeerTableViewController.swift; sourceTree = "<group>"; };
		D69AB5122A82564A007B210C /* BeerTableViewCell.swift */ = {isa = PBXFileReference; lastKnownFileType = sourcecode.swift; path = BeerTableViewCell.swift; sourceTree = "<group>"; };
		D69AB5132A82564A007B210C /* BeerTableViewCell.xib */ = {isa = PBXFileReference; lastKnownFileType = file.xib; path = BeerTableViewCell.xib; sourceTree = "<group>"; };
		D69AB5162A82999B007B210C /* beerDetailViewController.swift */ = {isa = PBXFileReference; lastKnownFileType = sourcecode.swift; path = beerDetailViewController.swift; sourceTree = "<group>"; };
		D69AB5272A832306007B210C /* VideoTableViewCell.swift */ = {isa = PBXFileReference; lastKnownFileType = sourcecode.swift; path = VideoTableViewCell.swift; sourceTree = "<group>"; };
		D6B63E292A80966E006377A1 /* Week4.app */ = {isa = PBXFileReference; explicitFileType = wrapper.application; includeInIndex = 0; path = Week4.app; sourceTree = BUILT_PRODUCTS_DIR; };
		D6B63E2C2A80966E006377A1 /* AppDelegate.swift */ = {isa = PBXFileReference; lastKnownFileType = sourcecode.swift; path = AppDelegate.swift; sourceTree = "<group>"; };
		D6B63E2E2A80966E006377A1 /* SceneDelegate.swift */ = {isa = PBXFileReference; lastKnownFileType = sourcecode.swift; path = SceneDelegate.swift; sourceTree = "<group>"; };
		D6B63E302A80966E006377A1 /* ViewController.swift */ = {isa = PBXFileReference; lastKnownFileType = sourcecode.swift; path = ViewController.swift; sourceTree = "<group>"; };
		D6B63E332A80966E006377A1 /* Base */ = {isa = PBXFileReference; lastKnownFileType = file.storyboard; name = Base; path = Base.lproj/Main.storyboard; sourceTree = "<group>"; };
		D6B63E352A809670006377A1 /* Assets.xcassets */ = {isa = PBXFileReference; lastKnownFileType = folder.assetcatalog; path = Assets.xcassets; sourceTree = "<group>"; };
		D6B63E382A809670006377A1 /* Base */ = {isa = PBXFileReference; lastKnownFileType = file.storyboard; name = Base; path = Base.lproj/LaunchScreen.storyboard; sourceTree = "<group>"; };
		D6B63E3A2A809670006377A1 /* Info.plist */ = {isa = PBXFileReference; lastKnownFileType = text.plist.xml; path = Info.plist; sourceTree = "<group>"; };
		D6B63E492A809BA3006377A1 /* .gitignore */ = {isa = PBXFileReference; lastKnownFileType = text; path = .gitignore; sourceTree = "<group>"; };
		D6B63E4F2A809C95006377A1 /* APIKey.swift */ = {isa = PBXFileReference; lastKnownFileType = sourcecode.swift; path = APIKey.swift; sourceTree = "<group>"; };
		D6C642932A84773400DCDB89 /* PapagoViewController.swift */ = {isa = PBXFileReference; lastKnownFileType = sourcecode.swift; path = PapagoViewController.swift; sourceTree = "<group>"; };
/* End PBXFileReference section */

/* Begin PBXFrameworksBuildPhase section */
		D6B63E262A80966E006377A1 /* Frameworks */ = {
			isa = PBXFrameworksBuildPhase;
			buildActionMask = 2147483647;
			files = (
				D6B63E482A8096BC006377A1 /* Kingfisher in Frameworks */,
				D6B63E452A8096B2006377A1 /* SwiftyJSON in Frameworks */,
				D6B63E422A8096AA006377A1 /* Alamofire in Frameworks */,
			);
			runOnlyForDeploymentPostprocessing = 0;
		};
/* End PBXFrameworksBuildPhase section */

/* Begin PBXGroup section */
		D69AB50D2A8254BE007B210C /* Beer */ = {
			isa = PBXGroup;
			children = (
				D69AB5072A814381007B210C /* BeerRandomViewController.swift */,
				D69AB50E2A8254DB007B210C /* Beer.swift */,
				D69AB5102A825619007B210C /* BeerTableViewController.swift */,
				D69AB5122A82564A007B210C /* BeerTableViewCell.swift */,
				D69AB5132A82564A007B210C /* BeerTableViewCell.xib */,
				D69AB5162A82999B007B210C /* beerDetailViewController.swift */,
			);
			path = Beer;
			sourceTree = "<group>";
		};
		D69AB5292A83230D007B210C /* Video */ = {
			isa = PBXGroup;
			children = (
				D69AB50B2A81E7C1007B210C /* VideoViewController.swift */,
				D69AB5272A832306007B210C /* VideoTableViewCell.swift */,
				D6549F042A8D0CA80091B9E5 /* Video.swift */,
			);
			path = Video;
			sourceTree = "<group>";
		};
		D6B63E202A80966E006377A1 = {
			isa = PBXGroup;
			children = (
				D6B63E2B2A80966E006377A1 /* Week4 */,
				D6B63E2A2A80966E006377A1 /* Products */,
			);
			sourceTree = "<group>";
		};
		D6B63E2A2A80966E006377A1 /* Products */ = {
			isa = PBXGroup;
			children = (
				D6B63E292A80966E006377A1 /* Week4.app */,
			);
			name = Products;
			sourceTree = "<group>";
		};
		D6B63E2B2A80966E006377A1 /* Week4 */ = {
			isa = PBXGroup;
			children = (
				D69AB5292A83230D007B210C /* Video */,
				D69AB50D2A8254BE007B210C /* Beer */,
				D6B63E2C2A80966E006377A1 /* AppDelegate.swift */,
				D6B63E2E2A80966E006377A1 /* SceneDelegate.swift */,
				D6C642932A84773400DCDB89 /* PapagoViewController.swift */,
				D6B63E302A80966E006377A1 /* ViewController.swift */,
				D61AAC942A8A022900F3BE4C /* BoxOfficeData.swift */,
				D6B63E492A809BA3006377A1 /* .gitignore */,
				D6B63E4F2A809C95006377A1 /* APIKey.swift */,
				D6B63E322A80966E006377A1 /* Main.storyboard */,
				D645E8DF2A85F9ED00A1CAD6 /* AsyncViewController.swift */,
				D69AB5092A81C4E5007B210C /* WeatherViewController.swift */,
				D6B63E352A809670006377A1 /* Assets.xcassets */,
				D6B63E372A809670006377A1 /* LaunchScreen.storyboard */,
				D6B63E3A2A809670006377A1 /* Info.plist */,
				D69AB5052A814369007B210C /* LottoViewController.swift */,
				D645E8D32A85BA9E00A1CAD6 /* ReusableViewProtocol.swift */,
				D645E8D52A85BD0E00A1CAD6 /* UserDefaultsHelper.swift */,
				D645E8D72A85C51800A1CAD6 /* EndPoint.swift */,
				D645E8D92A85C5CA00A1CAD6 /* URL+Extension.swift */,
				D645E8DB2A85C78300A1CAD6 /* KakaoAPIManager.swift */,
				D645E8DD2A85E36000A1CAD6 /* TranslateAPIManager.swift */,
			);
			path = Week4;
			sourceTree = "<group>";
		};
/* End PBXGroup section */

/* Begin PBXNativeTarget section */
		D6B63E282A80966E006377A1 /* Week4 */ = {
			isa = PBXNativeTarget;
			buildConfigurationList = D6B63E3D2A809670006377A1 /* Build configuration list for PBXNativeTarget "Week4" */;
			buildPhases = (
				D6B63E252A80966E006377A1 /* Sources */,
				D6B63E262A80966E006377A1 /* Frameworks */,
				D6B63E272A80966E006377A1 /* Resources */,
			);
			buildRules = (
			);
			dependencies = (
			);
			name = Week4;
			packageProductDependencies = (
				D6B63E412A8096AA006377A1 /* Alamofire */,
				D6B63E442A8096B2006377A1 /* SwiftyJSON */,
				D6B63E472A8096BC006377A1 /* Kingfisher */,
			);
			productName = Week4;
			productReference = D6B63E292A80966E006377A1 /* Week4.app */;
			productType = "com.apple.product-type.application";
		};
/* End PBXNativeTarget section */

/* Begin PBXProject section */
		D6B63E212A80966E006377A1 /* Project object */ = {
			isa = PBXProject;
			attributes = {
				BuildIndependentTargetsInParallel = 1;
				LastSwiftUpdateCheck = 1430;
				LastUpgradeCheck = 1430;
				TargetAttributes = {
					D6B63E282A80966E006377A1 = {
						CreatedOnToolsVersion = 14.3.1;
					};
				};
			};
			buildConfigurationList = D6B63E242A80966E006377A1 /* Build configuration list for PBXProject "Week4" */;
			compatibilityVersion = "Xcode 14.0";
			developmentRegion = en;
			hasScannedForEncodings = 0;
			knownRegions = (
				en,
				Base,
			);
			mainGroup = D6B63E202A80966E006377A1;
			packageReferences = (
				D6B63E402A8096AA006377A1 /* XCRemoteSwiftPackageReference "Alamofire" */,
				D6B63E432A8096B2006377A1 /* XCRemoteSwiftPackageReference "SwiftyJSON" */,
				D6B63E462A8096BC006377A1 /* XCRemoteSwiftPackageReference "Kingfisher" */,
			);
			productRefGroup = D6B63E2A2A80966E006377A1 /* Products */;
			projectDirPath = "";
			projectRoot = "";
			targets = (
				D6B63E282A80966E006377A1 /* Week4 */,
			);
		};
/* End PBXProject section */

/* Begin PBXResourcesBuildPhase section */
		D6B63E272A80966E006377A1 /* Resources */ = {
			isa = PBXResourcesBuildPhase;
			buildActionMask = 2147483647;
			files = (
				D6B63E4A2A809BA3006377A1 /* .gitignore in Resources */,
				D69AB5152A82564A007B210C /* BeerTableViewCell.xib in Resources */,
				D6B63E392A809670006377A1 /* LaunchScreen.storyboard in Resources */,
				D6B63E362A809670006377A1 /* Assets.xcassets in Resources */,
				D6B63E342A80966E006377A1 /* Main.storyboard in Resources */,
			);
			runOnlyForDeploymentPostprocessing = 0;
		};
/* End PBXResourcesBuildPhase section */

/* Begin PBXSourcesBuildPhase section */
		D6B63E252A80966E006377A1 /* Sources */ = {
			isa = PBXSourcesBuildPhase;
			buildActionMask = 2147483647;
			files = (
				D6B63E312A80966E006377A1 /* ViewController.swift in Sources */,
				D69AB50C2A81E7C1007B210C /* VideoViewController.swift in Sources */,
				D69AB5082A814381007B210C /* BeerRandomViewController.swift in Sources */,
				D645E8E02A85F9ED00A1CAD6 /* AsyncViewController.swift in Sources */,
				D69AB5172A82999B007B210C /* beerDetailViewController.swift in Sources */,
				D6B63E2D2A80966E006377A1 /* AppDelegate.swift in Sources */,
				D645E8DC2A85C78300A1CAD6 /* KakaoAPIManager.swift in Sources */,
				D61AAC952A8A022900F3BE4C /* BoxOfficeData.swift in Sources */,
				D645E8DA2A85C5CA00A1CAD6 /* URL+Extension.swift in Sources */,
				D645E8DE2A85E36000A1CAD6 /* TranslateAPIManager.swift in Sources */,
				D645E8D82A85C51800A1CAD6 /* EndPoint.swift in Sources */,
				D69AB5062A814369007B210C /* LottoViewController.swift in Sources */,
				D6549F052A8D0CA80091B9E5 /* Video.swift in Sources */,
				D645E8D62A85BD0E00A1CAD6 /* UserDefaultsHelper.swift in Sources */,
				D69AB50A2A81C4E5007B210C /* WeatherViewController.swift in Sources */,
				D69AB5142A82564A007B210C /* BeerTableViewCell.swift in Sources */,
				D69AB5282A832306007B210C /* VideoTableViewCell.swift in Sources */,
				D69AB50F2A8254DB007B210C /* Beer.swift in Sources */,
				D6B63E2F2A80966E006377A1 /* SceneDelegate.swift in Sources */,
				D645E8D42A85BA9E00A1CAD6 /* ReusableViewProtocol.swift in Sources */,
				D6C642942A84773400DCDB89 /* PapagoViewController.swift in Sources */,
				D6B63E502A809C95006377A1 /* APIKey.swift in Sources */,
				D69AB5112A825619007B210C /* BeerTableViewController.swift in Sources */,
			);
			runOnlyForDeploymentPostprocessing = 0;
		};
/* End PBXSourcesBuildPhase section */

/* Begin PBXVariantGroup section */
		D6B63E322A80966E006377A1 /* Main.storyboard */ = {
			isa = PBXVariantGroup;
			children = (
				D6B63E332A80966E006377A1 /* Base */,
			);
			name = Main.storyboard;
			sourceTree = "<group>";
		};
		D6B63E372A809670006377A1 /* LaunchScreen.storyboard */ = {
			isa = PBXVariantGroup;
			children = (
				D6B63E382A809670006377A1 /* Base */,
			);
			name = LaunchScreen.storyboard;
			sourceTree = "<group>";
		};
/* End PBXVariantGroup section */

/* Begin XCBuildConfiguration section */
		D6B63E3B2A809670006377A1 /* Debug */ = {
			isa = XCBuildConfiguration;
			buildSettings = {
				ALWAYS_SEARCH_USER_PATHS = NO;
				CLANG_ANALYZER_NONNULL = YES;
				CLANG_ANALYZER_NUMBER_OBJECT_CONVERSION = YES_AGGRESSIVE;
				CLANG_CXX_LANGUAGE_STANDARD = "gnu++20";
				CLANG_ENABLE_MODULES = YES;
				CLANG_ENABLE_OBJC_ARC = YES;
				CLANG_ENABLE_OBJC_WEAK = YES;
				CLANG_WARN_BLOCK_CAPTURE_AUTORELEASING = YES;
				CLANG_WARN_BOOL_CONVERSION = YES;
				CLANG_WARN_COMMA = YES;
				CLANG_WARN_CONSTANT_CONVERSION = YES;
				CLANG_WARN_DEPRECATED_OBJC_IMPLEMENTATIONS = YES;
				CLANG_WARN_DIRECT_OBJC_ISA_USAGE = YES_ERROR;
				CLANG_WARN_DOCUMENTATION_COMMENTS = YES;
				CLANG_WARN_EMPTY_BODY = YES;
				CLANG_WARN_ENUM_CONVERSION = YES;
				CLANG_WARN_INFINITE_RECURSION = YES;
				CLANG_WARN_INT_CONVERSION = YES;
				CLANG_WARN_NON_LITERAL_NULL_CONVERSION = YES;
				CLANG_WARN_OBJC_IMPLICIT_RETAIN_SELF = YES;
				CLANG_WARN_OBJC_LITERAL_CONVERSION = YES;
				CLANG_WARN_OBJC_ROOT_CLASS = YES_ERROR;
				CLANG_WARN_QUOTED_INCLUDE_IN_FRAMEWORK_HEADER = YES;
				CLANG_WARN_RANGE_LOOP_ANALYSIS = YES;
				CLANG_WARN_STRICT_PROTOTYPES = YES;
				CLANG_WARN_SUSPICIOUS_MOVE = YES;
				CLANG_WARN_UNGUARDED_AVAILABILITY = YES_AGGRESSIVE;
				CLANG_WARN_UNREACHABLE_CODE = YES;
				CLANG_WARN__DUPLICATE_METHOD_MATCH = YES;
				COPY_PHASE_STRIP = NO;
				DEBUG_INFORMATION_FORMAT = dwarf;
				ENABLE_STRICT_OBJC_MSGSEND = YES;
				ENABLE_TESTABILITY = YES;
				GCC_C_LANGUAGE_STANDARD = gnu11;
				GCC_DYNAMIC_NO_PIC = NO;
				GCC_NO_COMMON_BLOCKS = YES;
				GCC_OPTIMIZATION_LEVEL = 0;
				GCC_PREPROCESSOR_DEFINITIONS = (
					"DEBUG=1",
					"$(inherited)",
				);
				GCC_WARN_64_TO_32_BIT_CONVERSION = YES;
				GCC_WARN_ABOUT_RETURN_TYPE = YES_ERROR;
				GCC_WARN_UNDECLARED_SELECTOR = YES;
				GCC_WARN_UNINITIALIZED_AUTOS = YES_AGGRESSIVE;
				GCC_WARN_UNUSED_FUNCTION = YES;
				GCC_WARN_UNUSED_VARIABLE = YES;
				IPHONEOS_DEPLOYMENT_TARGET = 16.4;
				MTL_ENABLE_DEBUG_INFO = INCLUDE_SOURCE;
				MTL_FAST_MATH = YES;
				ONLY_ACTIVE_ARCH = YES;
				SDKROOT = iphoneos;
				SWIFT_ACTIVE_COMPILATION_CONDITIONS = DEBUG;
				SWIFT_OPTIMIZATION_LEVEL = "-Onone";
			};
			name = Debug;
		};
		D6B63E3C2A809670006377A1 /* Release */ = {
			isa = XCBuildConfiguration;
			buildSettings = {
				ALWAYS_SEARCH_USER_PATHS = NO;
				CLANG_ANALYZER_NONNULL = YES;
				CLANG_ANALYZER_NUMBER_OBJECT_CONVERSION = YES_AGGRESSIVE;
				CLANG_CXX_LANGUAGE_STANDARD = "gnu++20";
				CLANG_ENABLE_MODULES = YES;
				CLANG_ENABLE_OBJC_ARC = YES;
				CLANG_ENABLE_OBJC_WEAK = YES;
				CLANG_WARN_BLOCK_CAPTURE_AUTORELEASING = YES;
				CLANG_WARN_BOOL_CONVERSION = YES;
				CLANG_WARN_COMMA = YES;
				CLANG_WARN_CONSTANT_CONVERSION = YES;
				CLANG_WARN_DEPRECATED_OBJC_IMPLEMENTATIONS = YES;
				CLANG_WARN_DIRECT_OBJC_ISA_USAGE = YES_ERROR;
				CLANG_WARN_DOCUMENTATION_COMMENTS = YES;
				CLANG_WARN_EMPTY_BODY = YES;
				CLANG_WARN_ENUM_CONVERSION = YES;
				CLANG_WARN_INFINITE_RECURSION = YES;
				CLANG_WARN_INT_CONVERSION = YES;
				CLANG_WARN_NON_LITERAL_NULL_CONVERSION = YES;
				CLANG_WARN_OBJC_IMPLICIT_RETAIN_SELF = YES;
				CLANG_WARN_OBJC_LITERAL_CONVERSION = YES;
				CLANG_WARN_OBJC_ROOT_CLASS = YES_ERROR;
				CLANG_WARN_QUOTED_INCLUDE_IN_FRAMEWORK_HEADER = YES;
				CLANG_WARN_RANGE_LOOP_ANALYSIS = YES;
				CLANG_WARN_STRICT_PROTOTYPES = YES;
				CLANG_WARN_SUSPICIOUS_MOVE = YES;
				CLANG_WARN_UNGUARDED_AVAILABILITY = YES_AGGRESSIVE;
				CLANG_WARN_UNREACHABLE_CODE = YES;
				CLANG_WARN__DUPLICATE_METHOD_MATCH = YES;
				COPY_PHASE_STRIP = NO;
				DEBUG_INFORMATION_FORMAT = "dwarf-with-dsym";
				ENABLE_NS_ASSERTIONS = NO;
				ENABLE_STRICT_OBJC_MSGSEND = YES;
				GCC_C_LANGUAGE_STANDARD = gnu11;
				GCC_NO_COMMON_BLOCKS = YES;
				GCC_WARN_64_TO_32_BIT_CONVERSION = YES;
				GCC_WARN_ABOUT_RETURN_TYPE = YES_ERROR;
				GCC_WARN_UNDECLARED_SELECTOR = YES;
				GCC_WARN_UNINITIALIZED_AUTOS = YES_AGGRESSIVE;
				GCC_WARN_UNUSED_FUNCTION = YES;
				GCC_WARN_UNUSED_VARIABLE = YES;
				IPHONEOS_DEPLOYMENT_TARGET = 16.4;
				MTL_ENABLE_DEBUG_INFO = NO;
				MTL_FAST_MATH = YES;
				SDKROOT = iphoneos;
				SWIFT_COMPILATION_MODE = wholemodule;
				SWIFT_OPTIMIZATION_LEVEL = "-O";
				VALIDATE_PRODUCT = YES;
			};
			name = Release;
		};
		D6B63E3E2A809670006377A1 /* Debug */ = {
			isa = XCBuildConfiguration;
			buildSettings = {
				ASSETCATALOG_COMPILER_APPICON_NAME = AppIcon;
				ASSETCATALOG_COMPILER_GLOBAL_ACCENT_COLOR_NAME = AccentColor;
				CODE_SIGN_STYLE = Automatic;
				CURRENT_PROJECT_VERSION = 1;
				DEVELOPMENT_TEAM = Y7C6A3W353;
				GENERATE_INFOPLIST_FILE = YES;
				INFOPLIST_FILE = Week4/Info.plist;
				INFOPLIST_KEY_UIApplicationSupportsIndirectInputEvents = YES;
				INFOPLIST_KEY_UILaunchStoryboardName = LaunchScreen;
				INFOPLIST_KEY_UIMainStoryboardFile = Main;
				INFOPLIST_KEY_UISupportedInterfaceOrientations_iPad = "UIInterfaceOrientationPortrait UIInterfaceOrientationPortraitUpsideDown UIInterfaceOrientationLandscapeLeft UIInterfaceOrientationLandscapeRight";
				INFOPLIST_KEY_UISupportedInterfaceOrientations_iPhone = "UIInterfaceOrientationPortrait UIInterfaceOrientationLandscapeLeft UIInterfaceOrientationLandscapeRight";
				LD_RUNPATH_SEARCH_PATHS = (
					"$(inherited)",
					"@executable_path/Frameworks",
				);
				MARKETING_VERSION = 1.0;
				PRODUCT_BUNDLE_IDENTIFIER = com.sangnam.Week4;
				PRODUCT_NAME = "$(TARGET_NAME)";
				SWIFT_EMIT_LOC_STRINGS = YES;
				SWIFT_VERSION = 5.0;
				TARGETED_DEVICE_FAMILY = "1,2";
			};
			name = Debug;
		};
		D6B63E3F2A809670006377A1 /* Release */ = {
			isa = XCBuildConfiguration;
			buildSettings = {
				ASSETCATALOG_COMPILER_APPICON_NAME = AppIcon;
				ASSETCATALOG_COMPILER_GLOBAL_ACCENT_COLOR_NAME = AccentColor;
				CODE_SIGN_STYLE = Automatic;
				CURRENT_PROJECT_VERSION = 1;
				DEVELOPMENT_TEAM = Y7C6A3W353;
				GENERATE_INFOPLIST_FILE = YES;
				INFOPLIST_FILE = Week4/Info.plist;
				INFOPLIST_KEY_UIApplicationSupportsIndirectInputEvents = YES;
				INFOPLIST_KEY_UILaunchStoryboardName = LaunchScreen;
				INFOPLIST_KEY_UIMainStoryboardFile = Main;
				INFOPLIST_KEY_UISupportedInterfaceOrientations_iPad = "UIInterfaceOrientationPortrait UIInterfaceOrientationPortraitUpsideDown UIInterfaceOrientationLandscapeLeft UIInterfaceOrientationLandscapeRight";
				INFOPLIST_KEY_UISupportedInterfaceOrientations_iPhone = "UIInterfaceOrientationPortrait UIInterfaceOrientationLandscapeLeft UIInterfaceOrientationLandscapeRight";
				LD_RUNPATH_SEARCH_PATHS = (
					"$(inherited)",
					"@executable_path/Frameworks",
				);
				MARKETING_VERSION = 1.0;
				PRODUCT_BUNDLE_IDENTIFIER = com.sangnam.Week4;
				PRODUCT_NAME = "$(TARGET_NAME)";
				SWIFT_EMIT_LOC_STRINGS = YES;
				SWIFT_VERSION = 5.0;
				TARGETED_DEVICE_FAMILY = "1,2";
			};
			name = Release;
		};
/* End XCBuildConfiguration section */

/* Begin XCConfigurationList section */
		D6B63E242A80966E006377A1 /* Build configuration list for PBXProject "Week4" */ = {
			isa = XCConfigurationList;
			buildConfigurations = (
				D6B63E3B2A809670006377A1 /* Debug */,
				D6B63E3C2A809670006377A1 /* Release */,
			);
			defaultConfigurationIsVisible = 0;
			defaultConfigurationName = Release;
		};
		D6B63E3D2A809670006377A1 /* Build configuration list for PBXNativeTarget "Week4" */ = {
			isa = XCConfigurationList;
			buildConfigurations = (
				D6B63E3E2A809670006377A1 /* Debug */,
				D6B63E3F2A809670006377A1 /* Release */,
			);
			defaultConfigurationIsVisible = 0;
			defaultConfigurationName = Release;
		};
/* End XCConfigurationList section */

/* Begin XCRemoteSwiftPackageReference section */
		D6B63E402A8096AA006377A1 /* XCRemoteSwiftPackageReference "Alamofire" */ = {
			isa = XCRemoteSwiftPackageReference;
			repositoryURL = "https://github.com/Alamofire/Alamofire.git";
			requirement = {
				kind = upToNextMajorVersion;
				minimumVersion = 5.0.0;
			};
		};
		D6B63E432A8096B2006377A1 /* XCRemoteSwiftPackageReference "SwiftyJSON" */ = {
			isa = XCRemoteSwiftPackageReference;
			repositoryURL = "https://github.com/SwiftyJSON/SwiftyJSON.git";
			requirement = {
				kind = upToNextMajorVersion;
				minimumVersion = 5.0.0;
			};
		};
		D6B63E462A8096BC006377A1 /* XCRemoteSwiftPackageReference "Kingfisher" */ = {
			isa = XCRemoteSwiftPackageReference;
			repositoryURL = "https://github.com/onevcat/Kingfisher.git";
			requirement = {
				kind = upToNextMajorVersion;
				minimumVersion = 7.0.0;
			};
		};
/* End XCRemoteSwiftPackageReference section */

/* Begin XCSwiftPackageProductDependency section */
		D6B63E412A8096AA006377A1 /* Alamofire */ = {
			isa = XCSwiftPackageProductDependency;
			package = D6B63E402A8096AA006377A1 /* XCRemoteSwiftPackageReference "Alamofire" */;
			productName = Alamofire;
		};
		D6B63E442A8096B2006377A1 /* SwiftyJSON */ = {
			isa = XCSwiftPackageProductDependency;
			package = D6B63E432A8096B2006377A1 /* XCRemoteSwiftPackageReference "SwiftyJSON" */;
			productName = SwiftyJSON;
		};
		D6B63E472A8096BC006377A1 /* Kingfisher */ = {
			isa = XCSwiftPackageProductDependency;
			package = D6B63E462A8096BC006377A1 /* XCRemoteSwiftPackageReference "Kingfisher" */;
			productName = Kingfisher;
		};
/* End XCSwiftPackageProductDependency section */
	};
	rootObject = D6B63E212A80966E006377A1 /* Project object */;
}
